
Microsoft Visual Studio Solution File, Format Version 12.00
# Visual Studio Version 17
VisualStudioVersion = 17.13.35825.156 d17.13
MinimumVisualStudioVersion = 10.0.40219.1
Project("{FAE04EC0-301F-11D3-BF4B-00C04F79EFBC}") = "MemoryGame", "MemoryGame\MemoryGame.csproj", "{B2ED1CCD-862F-4679-81D9-7A9690932420}"
EndProject
Global
	GlobalSection(SolutionConfigurationPlatforms) = preSolution
		Debug|Any CPU = Debug|Any CPU
		Release|Any CPU = Release|Any CPU
	EndGlobalSection
	GlobalSection(ProjectConfigurationPlatforms) = postSolution
		{B2ED1CCD-862F-4679-81D9-7A9690932420}.Debug|Any CPU.ActiveCfg = Debug|Any CPU
		{B2ED1CCD-862F-4679-81D9-7A9690932420}.Debug|Any CPU.Build.0 = Debug|Any CPU
		{B2ED1CCD-862F-4679-81D9-7A9690932420}.Release|Any CPU.ActiveCfg = Release|Any CPU
		{B2ED1CCD-862F-4679-81D9-7A9690932420}.Release|Any CPU.Build.0 = Release|Any CPU
	EndGlobalSection
	GlobalSection(SolutionProperties) = preSolution
		HideSolutionNode = FALSE
	EndGlobalSection
	GlobalSection(ExtensibilityGlobals) = postSolution
		SolutionGuid = {CBB18562-B176-46C6-8806-6A381E0867A1}
	EndGlobalSection
EndGlobal
